// !$*UTF8*$!
{
	archiveVersion = 1;
	classes = {
	};
	objectVersion = 77;
	objects = {

/* Begin PBXContainerItemProxy section */
		7DAE26482E4870EE006F9BFE /* PBXContainerItemProxy */ = {
			isa = PBXContainerItemProxy;
			containerPortal = 7DAE26322E4870ED006F9BFE /* Project object */;
			proxyType = 1;
			remoteGlobalIDString = 7DAE26392E4870ED006F9BFE;
			remoteInfo = ChessDuo;
		};
		7DAE26522E4870EE006F9BFE /* PBXContainerItemProxy */ = {
			isa = PBXContainerItemProxy;
			containerPortal = 7DAE26322E4870ED006F9BFE /* Project object */;
			proxyType = 1;
			remoteGlobalIDString = 7DAE26392E4870ED006F9BFE;
			remoteInfo = ChessDuo;
		};
/* End PBXContainerItemProxy section */

/* Begin PBXFileReference section */
		7DAE263A2E4870ED006F9BFE /* ChessDuo.app */ = {isa = PBXFileReference; explicitFileType = wrapper.application; includeInIndex = 0; path = ChessDuo.app; sourceTree = BUILT_PRODUCTS_DIR; };
		7DAE26472E4870EE006F9BFE /* ChessDuoTests.xctest */ = {isa = PBXFileReference; explicitFileType = wrapper.cfbundle; includeInIndex = 0; path = ChessDuoTests.xctest; sourceTree = BUILT_PRODUCTS_DIR; };
		7DAE26512E4870EE006F9BFE /* ChessDuoUITests.xctest */ = {isa = PBXFileReference; explicitFileType = wrapper.cfbundle; includeInIndex = 0; path = ChessDuoUITests.xctest; sourceTree = BUILT_PRODUCTS_DIR; };
/* End PBXFileReference section */

/* Begin PBXFileSystemSynchronizedBuildFileExceptionSet section */
		7DAE29942E49CBC4006F9BFE /* Exceptions for "ChessDuo" folder in "ChessDuo" target */ = {
			isa = PBXFileSystemSynchronizedBuildFileExceptionSet;
			membershipExceptions = (
				Info.plist,
			);
			target = 7DAE26392E4870ED006F9BFE /* ChessDuo */;
		};
/* End PBXFileSystemSynchronizedBuildFileExceptionSet section */

/* Begin PBXFileSystemSynchronizedRootGroup section */
		7DAE264A2E4870EE006F9BFE /* ChessDuoTests */ = {
			isa = PBXFileSystemSynchronizedRootGroup;
			path = ChessDuoTests;
			sourceTree = "<group>";
		};
		7DAE26542E4870EE006F9BFE /* ChessDuoUITests */ = {
			isa = PBXFileSystemSynchronizedRootGroup;
			path = ChessDuoUITests;
			sourceTree = "<group>";
		};
		7DAE26862E487204006F9BFE /* ChessDuo */ = {
			isa = PBXFileSystemSynchronizedRootGroup;
			exceptions = (
				7DAE29942E49CBC4006F9BFE /* Exceptions for "ChessDuo" folder in "ChessDuo" target */,
			);
			path = ChessDuo;
			sourceTree = "<group>";
		};
/* End PBXFileSystemSynchronizedRootGroup section */

/* Begin PBXFrameworksBuildPhase section */
		7DAE26372E4870ED006F9BFE /* Frameworks */ = {
			isa = PBXFrameworksBuildPhase;
			buildActionMask = 2147483647;
			files = (
			);
			runOnlyForDeploymentPostprocessing = 0;
		};
		7DAE26442E4870EE006F9BFE /* Frameworks */ = {
			isa = PBXFrameworksBuildPhase;
			buildActionMask = 2147483647;
			files = (
			);
			runOnlyForDeploymentPostprocessing = 0;
		};
		7DAE264E2E4870EE006F9BFE /* Frameworks */ = {
			isa = PBXFrameworksBuildPhase;
			buildActionMask = 2147483647;
			files = (
			);
			runOnlyForDeploymentPostprocessing = 0;
		};
/* End PBXFrameworksBuildPhase section */

/* Begin PBXGroup section */
		7DAE26312E4870ED006F9BFE = {
			isa = PBXGroup;
			children = (
				7DAE26862E487204006F9BFE /* ChessDuo */,
				7DAE264A2E4870EE006F9BFE /* ChessDuoTests */,
				7DAE26542E4870EE006F9BFE /* ChessDuoUITests */,
				7DAE263B2E4870ED006F9BFE /* Products */,
			);
			sourceTree = "<group>";
		};
		7DAE263B2E4870ED006F9BFE /* Products */ = {
			isa = PBXGroup;
			children = (
				7DAE263A2E4870ED006F9BFE /* ChessDuo.app */,
				7DAE26472E4870EE006F9BFE /* ChessDuoTests.xctest */,
				7DAE26512E4870EE006F9BFE /* ChessDuoUITests.xctest */,
			);
			name = Products;
			sourceTree = "<group>";
		};
/* End PBXGroup section */

/* Begin PBXNativeTarget section */
		7DAE26392E4870ED006F9BFE /* ChessDuo */ = {
			isa = PBXNativeTarget;
			buildConfigurationList = 7DAE265B2E4870EE006F9BFE /* Build configuration list for PBXNativeTarget "ChessDuo" */;
			buildPhases = (
				7DAE26362E4870ED006F9BFE /* Sources */,
				7DAE26372E4870ED006F9BFE /* Frameworks */,
				7DAE26382E4870ED006F9BFE /* Resources */,
			);
			buildRules = (
			);
			dependencies = (
			);
			fileSystemSynchronizedGroups = (
				7DAE26862E487204006F9BFE /* ChessDuo */,
			);
			name = ChessDuo;
			packageProductDependencies = (
			);
			productName = ChessDuo;
			productReference = 7DAE263A2E4870ED006F9BFE /* ChessDuo.app */;
			productType = "com.apple.product-type.application";
		};
		7DAE26462E4870EE006F9BFE /* ChessDuoTests */ = {
			isa = PBXNativeTarget;
			buildConfigurationList = 7DAE265E2E4870EE006F9BFE /* Build configuration list for PBXNativeTarget "ChessDuoTests" */;
			buildPhases = (
				7DAE26432E4870EE006F9BFE /* Sources */,
				7DAE26442E4870EE006F9BFE /* Frameworks */,
				7DAE26452E4870EE006F9BFE /* Resources */,
			);
			buildRules = (
			);
			dependencies = (
				7DAE26492E4870EE006F9BFE /* PBXTargetDependency */,
			);
			fileSystemSynchronizedGroups = (
				7DAE264A2E4870EE006F9BFE /* ChessDuoTests */,
			);
			name = ChessDuoTests;
			packageProductDependencies = (
			);
			productName = ChessDuoTests;
			productReference = 7DAE26472E4870EE006F9BFE /* ChessDuoTests.xctest */;
			productType = "com.apple.product-type.bundle.unit-test";
		};
		7DAE26502E4870EE006F9BFE /* ChessDuoUITests */ = {
			isa = PBXNativeTarget;
			buildConfigurationList = 7DAE26612E4870EE006F9BFE /* Build configuration list for PBXNativeTarget "ChessDuoUITests" */;
			buildPhases = (
				7DAE264D2E4870EE006F9BFE /* Sources */,
				7DAE264E2E4870EE006F9BFE /* Frameworks */,
				7DAE264F2E4870EE006F9BFE /* Resources */,
			);
			buildRules = (
			);
			dependencies = (
				7DAE26532E4870EE006F9BFE /* PBXTargetDependency */,
			);
			fileSystemSynchronizedGroups = (
				7DAE26542E4870EE006F9BFE /* ChessDuoUITests */,
			);
			name = ChessDuoUITests;
			packageProductDependencies = (
			);
			productName = ChessDuoUITests;
			productReference = 7DAE26512E4870EE006F9BFE /* ChessDuoUITests.xctest */;
			productType = "com.apple.product-type.bundle.ui-testing";
		};
/* End PBXNativeTarget section */

/* Begin PBXProject section */
		7DAE26322E4870ED006F9BFE /* Project object */ = {
			isa = PBXProject;
			attributes = {
				BuildIndependentTargetsInParallel = 1;
				LastSwiftUpdateCheck = 1640;
				LastUpgradeCheck = 1640;
				TargetAttributes = {
					7DAE26392E4870ED006F9BFE = {
						CreatedOnToolsVersion = 16.4;
					};
					7DAE26462E4870EE006F9BFE = {
						CreatedOnToolsVersion = 16.4;
						TestTargetID = 7DAE26392E4870ED006F9BFE;
					};
					7DAE26502E4870EE006F9BFE = {
						CreatedOnToolsVersion = 16.4;
						TestTargetID = 7DAE26392E4870ED006F9BFE;
					};
				};
			};
			buildConfigurationList = 7DAE26352E4870ED006F9BFE /* Build configuration list for PBXProject "ChessDuo" */;
			developmentRegion = en;
			hasScannedForEncodings = 0;
			knownRegions = (
				en,
				Base,
				de,
				fr,
				es,
				"zh-Hans",
			);
			mainGroup = 7DAE26312E4870ED006F9BFE;
			minimizedProjectReferenceProxies = 1;
			preferredProjectObjectVersion = 77;
			productRefGroup = 7DAE263B2E4870ED006F9BFE /* Products */;
			projectDirPath = "";
			projectRoot = "";
			targets = (
				7DAE26392E4870ED006F9BFE /* ChessDuo */,
				7DAE26462E4870EE006F9BFE /* ChessDuoTests */,
				7DAE26502E4870EE006F9BFE /* ChessDuoUITests */,
			);
		};
/* End PBXProject section */

/* Begin PBXResourcesBuildPhase section */
		7DAE26382E4870ED006F9BFE /* Resources */ = {
			isa = PBXResourcesBuildPhase;
			buildActionMask = 2147483647;
			files = (
			);
			runOnlyForDeploymentPostprocessing = 0;
		};
		7DAE26452E4870EE006F9BFE /* Resources */ = {
			isa = PBXResourcesBuildPhase;
			buildActionMask = 2147483647;
			files = (
			);
			runOnlyForDeploymentPostprocessing = 0;
		};
		7DAE264F2E4870EE006F9BFE /* Resources */ = {
			isa = PBXResourcesBuildPhase;
			buildActionMask = 2147483647;
			files = (
			);
			runOnlyForDeploymentPostprocessing = 0;
		};
/* End PBXResourcesBuildPhase section */

/* Begin PBXSourcesBuildPhase section */
		7DAE26362E4870ED006F9BFE /* Sources */ = {
			isa = PBXSourcesBuildPhase;
			buildActionMask = 2147483647;
			files = (
			);
			runOnlyForDeploymentPostprocessing = 0;
		};
		7DAE26432E4870EE006F9BFE /* Sources */ = {
			isa = PBXSourcesBuildPhase;
			buildActionMask = 2147483647;
			files = (
			);
			runOnlyForDeploymentPostprocessing = 0;
		};
		7DAE264D2E4870EE006F9BFE /* Sources */ = {
			isa = PBXSourcesBuildPhase;
			buildActionMask = 2147483647;
			files = (
			);
			runOnlyForDeploymentPostprocessing = 0;
		};
/* End PBXSourcesBuildPhase section */

/* Begin PBXTargetDependency section */
		7DAE26492E4870EE006F9BFE /* PBXTargetDependency */ = {
			isa = PBXTargetDependency;
			target = 7DAE26392E4870ED006F9BFE /* ChessDuo */;
			targetProxy = 7DAE26482E4870EE006F9BFE /* PBXContainerItemProxy */;
		};
		7DAE26532E4870EE006F9BFE /* PBXTargetDependency */ = {
			isa = PBXTargetDependency;
			target = 7DAE26392E4870ED006F9BFE /* ChessDuo */;
			targetProxy = 7DAE26522E4870EE006F9BFE /* PBXContainerItemProxy */;
		};
/* End PBXTargetDependency section */

/* Begin XCBuildConfiguration section */
		7DAE26592E4870EE006F9BFE /* Debug */ = {
			isa = XCBuildConfiguration;
			buildSettings = {
				ALWAYS_SEARCH_USER_PATHS = NO;
				ASSETCATALOG_COMPILER_GENERATE_SWIFT_ASSET_SYMBOL_EXTENSIONS = YES;
				CLANG_ANALYZER_NONNULL = YES;
				CLANG_ANALYZER_NUMBER_OBJECT_CONVERSION = YES_AGGRESSIVE;
				CLANG_CXX_LANGUAGE_STANDARD = "gnu++20";
				CLANG_ENABLE_MODULES = YES;
				CLANG_ENABLE_OBJC_ARC = YES;
				CLANG_ENABLE_OBJC_WEAK = YES;
				CLANG_WARN_BLOCK_CAPTURE_AUTORELEASING = YES;
				CLANG_WARN_BOOL_CONVERSION = YES;
				CLANG_WARN_COMMA = YES;
				CLANG_WARN_CONSTANT_CONVERSION = YES;
				CLANG_WARN_DEPRECATED_OBJC_IMPLEMENTATIONS = YES;
				CLANG_WARN_DIRECT_OBJC_ISA_USAGE = YES_ERROR;
				CLANG_WARN_DOCUMENTATION_COMMENTS = YES;
				CLANG_WARN_EMPTY_BODY = YES;
				CLANG_WARN_ENUM_CONVERSION = YES;
				CLANG_WARN_INFINITE_RECURSION = YES;
				CLANG_WARN_INT_CONVERSION = YES;
				CLANG_WARN_NON_LITERAL_NULL_CONVERSION = YES;
				CLANG_WARN_OBJC_IMPLICIT_RETAIN_SELF = YES;
				CLANG_WARN_OBJC_LITERAL_CONVERSION = YES;
				CLANG_WARN_OBJC_ROOT_CLASS = YES_ERROR;
				CLANG_WARN_QUOTED_INCLUDE_IN_FRAMEWORK_HEADER = YES;
				CLANG_WARN_RANGE_LOOP_ANALYSIS = YES;
				CLANG_WARN_STRICT_PROTOTYPES = YES;
				CLANG_WARN_SUSPICIOUS_MOVE = YES;
				CLANG_WARN_UNGUARDED_AVAILABILITY = YES_AGGRESSIVE;
				CLANG_WARN_UNREACHABLE_CODE = YES;
				CLANG_WARN__DUPLICATE_METHOD_MATCH = YES;
				COPY_PHASE_STRIP = NO;
				DEBUG_INFORMATION_FORMAT = dwarf;
				DEVELOPMENT_TEAM = HNDTC95W58;
				ENABLE_STRICT_OBJC_MSGSEND = YES;
				ENABLE_TESTABILITY = YES;
				ENABLE_USER_SCRIPT_SANDBOXING = YES;
				GCC_C_LANGUAGE_STANDARD = gnu17;
				GCC_DYNAMIC_NO_PIC = NO;
				GCC_NO_COMMON_BLOCKS = YES;
				GCC_OPTIMIZATION_LEVEL = 0;
				GCC_PREPROCESSOR_DEFINITIONS = (
					"DEBUG=1",
					"$(inherited)",
				);
				GCC_WARN_64_TO_32_BIT_CONVERSION = YES;
				GCC_WARN_ABOUT_RETURN_TYPE = YES_ERROR;
				GCC_WARN_UNDECLARED_SELECTOR = YES;
				GCC_WARN_UNINITIALIZED_AUTOS = YES_AGGRESSIVE;
				GCC_WARN_UNUSED_FUNCTION = YES;
				GCC_WARN_UNUSED_VARIABLE = YES;
				INFOPLIST_KEY_NSLocalNetworkUsageDescription = "";
				IPHONEOS_DEPLOYMENT_TARGET = 15.6;
				LOCALIZATION_PREFERS_STRING_CATALOGS = YES;
				MTL_ENABLE_DEBUG_INFO = INCLUDE_SOURCE;
				MTL_FAST_MATH = YES;
				ONLY_ACTIVE_ARCH = YES;
				SDKROOT = iphoneos;
				SWIFT_ACTIVE_COMPILATION_CONDITIONS = "DEBUG $(inherited)";
				SWIFT_OPTIMIZATION_LEVEL = "-Onone";
			};
			name = Debug;
		};
		7DAE265A2E4870EE006F9BFE /* Release */ = {
			isa = XCBuildConfiguration;
			buildSettings = {
				ALWAYS_SEARCH_USER_PATHS = NO;
				ASSETCATALOG_COMPILER_GENERATE_SWIFT_ASSET_SYMBOL_EXTENSIONS = YES;
				CLANG_ANALYZER_NONNULL = YES;
				CLANG_ANALYZER_NUMBER_OBJECT_CONVERSION = YES_AGGRESSIVE;
				CLANG_CXX_LANGUAGE_STANDARD = "gnu++20";
				CLANG_ENABLE_MODULES = YES;
				CLANG_ENABLE_OBJC_ARC = YES;
				CLANG_ENABLE_OBJC_WEAK = YES;
				CLANG_WARN_BLOCK_CAPTURE_AUTORELEASING = YES;
				CLANG_WARN_BOOL_CONVERSION = YES;
				CLANG_WARN_COMMA = YES;
				CLANG_WARN_CONSTANT_CONVERSION = YES;
				CLANG_WARN_DEPRECATED_OBJC_IMPLEMENTATIONS = YES;
				CLANG_WARN_DIRECT_OBJC_ISA_USAGE = YES_ERROR;
				CLANG_WARN_DOCUMENTATION_COMMENTS = YES;
				CLANG_WARN_EMPTY_BODY = YES;
				CLANG_WARN_ENUM_CONVERSION = YES;
				CLANG_WARN_INFINITE_RECURSION = YES;
				CLANG_WARN_INT_CONVERSION = YES;
				CLANG_WARN_NON_LITERAL_NULL_CONVERSION = YES;
				CLANG_WARN_OBJC_IMPLICIT_RETAIN_SELF = YES;
				CLANG_WARN_OBJC_LITERAL_CONVERSION = YES;
				CLANG_WARN_OBJC_ROOT_CLASS = YES_ERROR;
				CLANG_WARN_QUOTED_INCLUDE_IN_FRAMEWORK_HEADER = YES;
				CLANG_WARN_RANGE_LOOP_ANALYSIS = YES;
				CLANG_WARN_STRICT_PROTOTYPES = YES;
				CLANG_WARN_SUSPICIOUS_MOVE = YES;
				CLANG_WARN_UNGUARDED_AVAILABILITY = YES_AGGRESSIVE;
				CLANG_WARN_UNREACHABLE_CODE = YES;
				CLANG_WARN__DUPLICATE_METHOD_MATCH = YES;
				COPY_PHASE_STRIP = NO;
				DEBUG_INFORMATION_FORMAT = "dwarf-with-dsym";
				DEVELOPMENT_TEAM = HNDTC95W58;
				ENABLE_NS_ASSERTIONS = NO;
				ENABLE_STRICT_OBJC_MSGSEND = YES;
				ENABLE_USER_SCRIPT_SANDBOXING = YES;
				GCC_C_LANGUAGE_STANDARD = gnu17;
				GCC_NO_COMMON_BLOCKS = YES;
				GCC_WARN_64_TO_32_BIT_CONVERSION = YES;
				GCC_WARN_ABOUT_RETURN_TYPE = YES_ERROR;
				GCC_WARN_UNDECLARED_SELECTOR = YES;
				GCC_WARN_UNINITIALIZED_AUTOS = YES_AGGRESSIVE;
				GCC_WARN_UNUSED_FUNCTION = YES;
				GCC_WARN_UNUSED_VARIABLE = YES;
				INFOPLIST_KEY_NSLocalNetworkUsageDescription = "";
				IPHONEOS_DEPLOYMENT_TARGET = 15.6;
				LOCALIZATION_PREFERS_STRING_CATALOGS = YES;
				MTL_ENABLE_DEBUG_INFO = NO;
				MTL_FAST_MATH = YES;
				SDKROOT = iphoneos;
				SWIFT_COMPILATION_MODE = wholemodule;
				SWIFT_OPTIMIZATION_LEVEL = "-Onone";
				VALIDATE_PRODUCT = YES;
			};
			name = Release;
		};
		7DAE265C2E4870EE006F9BFE /* Debug */ = {
			isa = XCBuildConfiguration;
			buildSettings = {
				ASSETCATALOG_COMPILER_APPICON_NAME = AppIcon;
				ASSETCATALOG_COMPILER_GLOBAL_ACCENT_COLOR_NAME = AccentColor;
				CODE_SIGN_ENTITLEMENTS = ChessDuo/ChessDuo.entitlements;
				CODE_SIGN_STYLE = Automatic;
				CURRENT_PROJECT_VERSION = 9;
				DEVELOPMENT_TEAM = C9F8VZS2PU;
				ENABLE_PREVIEWS = YES;
				GENERATE_INFOPLIST_FILE = NO;
				INFOPLIST_FILE = ChessDuo/Info.plist;
				IPHONEOS_DEPLOYMENT_TARGET = 15.6;
				LD_RUNPATH_SEARCH_PATHS = (
					"$(inherited)",
					"@executable_path/Frameworks",
				);
				MARKETING_VERSION = 1.1;
				PRODUCT_BUNDLE_IDENTIFIER = "app.chefs.my-chess-board";
				PRODUCT_NAME = "$(TARGET_NAME)";
				SWIFT_EMIT_LOC_STRINGS = YES;
				SWIFT_VERSION = 5.0;
				TARGETED_DEVICE_FAMILY = "1,2";
			};
			name = Debug;
		};
		7DAE265D2E4870EE006F9BFE /* Release */ = {
			isa = XCBuildConfiguration;
			buildSettings = {
				ASSETCATALOG_COMPILER_APPICON_NAME = AppIcon;
				ASSETCATALOG_COMPILER_GLOBAL_ACCENT_COLOR_NAME = AccentColor;
				CODE_SIGN_ENTITLEMENTS = ChessDuo/ChessDuo.entitlements;
				CODE_SIGN_STYLE = Automatic;
				CURRENT_PROJECT_VERSION = 9;
				DEVELOPMENT_TEAM = C9F8VZS2PU;
				ENABLE_PREVIEWS = YES;
				INFOPLIST_FILE = ChessDuo/Info.plist;
				IPHONEOS_DEPLOYMENT_TARGET = 15.6;
				LD_RUNPATH_SEARCH_PATHS = (
					"$(inherited)",
					"@executable_path/Frameworks",
				);
				MARKETING_VERSION = 1.1;
				PRODUCT_BUNDLE_IDENTIFIER = "app.chefs.my-chess-board";
				PRODUCT_NAME = "$(TARGET_NAME)";
				SWIFT_EMIT_LOC_STRINGS = YES;
				SWIFT_VERSION = 5.0;
				TARGETED_DEVICE_FAMILY = "1,2";
			};
			name = Release;
		};
		7DAE265F2E4870EE006F9BFE /* Debug */ = {
			isa = XCBuildConfiguration;
			buildSettings = {
				BUNDLE_LOADER = "$(TEST_HOST)";
				CODE_SIGN_STYLE = Automatic;
				CURRENT_PROJECT_VERSION = 9;
				DEVELOPMENT_TEAM = HNDTC95W58;
				GENERATE_INFOPLIST_FILE = YES;
				IPHONEOS_DEPLOYMENT_TARGET = 15.6;
				MARKETING_VERSION = 1.0;
				PRODUCT_BUNDLE_IDENTIFIER = app.chefs.ChessDuoTests;
				PRODUCT_NAME = "$(TARGET_NAME)";
				SWIFT_EMIT_LOC_STRINGS = NO;
				SWIFT_VERSION = 5.0;
				TARGETED_DEVICE_FAMILY = "1,2";
				TEST_HOST = "$(BUILT_PRODUCTS_DIR)/ChessDuo.app/$(BUNDLE_EXECUTABLE_FOLDER_PATH)/ChessDuo";
			};
			name = Debug;
		};
		7DAE26602E4870EE006F9BFE /* Release */ = {
			isa = XCBuildConfiguration;
			buildSettings = {
				BUNDLE_LOADER = "$(TEST_HOST)";
				CODE_SIGN_STYLE = Automatic;
				CURRENT_PROJECT_VERSION = 9;
				DEVELOPMENT_TEAM = HNDTC95W58;
				GENERATE_INFOPLIST_FILE = YES;
				IPHONEOS_DEPLOYMENT_TARGET = 15.6;
				MARKETING_VERSION = 1.0;
				PRODUCT_BUNDLE_IDENTIFIER = app.chefs.ChessDuoTests;
				PRODUCT_NAME = "$(TARGET_NAME)";
				SWIFT_EMIT_LOC_STRINGS = NO;
				SWIFT_VERSION = 5.0;
				TARGETED_DEVICE_FAMILY = "1,2";
				TEST_HOST = "$(BUILT_PRODUCTS_DIR)/ChessDuo.app/$(BUNDLE_EXECUTABLE_FOLDER_PATH)/ChessDuo";
			};
			name = Release;
		};
		7DAE26622E4870EE006F9BFE /* Debug */ = {
			isa = XCBuildConfiguration;
			buildSettings = {
				CODE_SIGN_STYLE = Automatic;
				CURRENT_PROJECT_VERSION = 9;
				DEVELOPMENT_TEAM = HNDTC95W58;
				GENERATE_INFOPLIST_FILE = YES;
				IPHONEOS_DEPLOYMENT_TARGET = 15.6;
				MARKETING_VERSION = 1.0;
				PRODUCT_BUNDLE_IDENTIFIER = app.chefs.ChessDuoUITests;
				PRODUCT_NAME = "$(TARGET_NAME)";
				SWIFT_EMIT_LOC_STRINGS = NO;
				SWIFT_VERSION = 5.0;
				TARGETED_DEVICE_FAMILY = "1,2";
				TEST_TARGET_NAME = ChessDuo;
			};
			name = Debug;
		};
		7DAE26632E4870EE006F9BFE /* Release */ = {
			isa = XCBuildConfiguration;
			buildSettings = {
				CODE_SIGN_STYLE = Automatic;
				CURRENT_PROJECT_VERSION = 9;
				DEVELOPMENT_TEAM = HNDTC95W58;
				GENERATE_INFOPLIST_FILE = YES;
				IPHONEOS_DEPLOYMENT_TARGET = 15.6;
				MARKETING_VERSION = 1.0;
				PRODUCT_BUNDLE_IDENTIFIER = app.chefs.ChessDuoUITests;
				PRODUCT_NAME = "$(TARGET_NAME)";
				SWIFT_EMIT_LOC_STRINGS = NO;
				SWIFT_VERSION = 5.0;
				TARGETED_DEVICE_FAMILY = "1,2";
				TEST_TARGET_NAME = ChessDuo;
			};
			name = Release;
		};
/* End XCBuildConfiguration section */

/* Begin XCConfigurationList section */
		7DAE26352E4870ED006F9BFE /* Build configuration list for PBXProject "ChessDuo" */ = {
			isa = XCConfigurationList;
			buildConfigurations = (
				7DAE26592E4870EE006F9BFE /* Debug */,
				7DAE265A2E4870EE006F9BFE /* Release */,
			);
			defaultConfigurationIsVisible = 0;
			defaultConfigurationName = Release;
		};
		7DAE265B2E4870EE006F9BFE /* Build configuration list for PBXNativeTarget "ChessDuo" */ = {
			isa = XCConfigurationList;
			buildConfigurations = (
				7DAE265C2E4870EE006F9BFE /* Debug */,
				7DAE265D2E4870EE006F9BFE /* Release */,
			);
			defaultConfigurationIsVisible = 0;
			defaultConfigurationName = Release;
		};
		7DAE265E2E4870EE006F9BFE /* Build configuration list for PBXNativeTarget "ChessDuoTests" */ = {
			isa = XCConfigurationList;
			buildConfigurations = (
				7DAE265F2E4870EE006F9BFE /* Debug */,
				7DAE26602E4870EE006F9BFE /* Release */,
			);
			defaultConfigurationIsVisible = 0;
			defaultConfigurationName = Release;
		};
		7DAE26612E4870EE006F9BFE /* Build configuration list for PBXNativeTarget "ChessDuoUITests" */ = {
			isa = XCConfigurationList;
			buildConfigurations = (
				7DAE26622E4870EE006F9BFE /* Debug */,
				7DAE26632E4870EE006F9BFE /* Release */,
			);
			defaultConfigurationIsVisible = 0;
			defaultConfigurationName = Release;
		};
/* End XCConfigurationList section */
	};
	rootObject = 7DAE26322E4870ED006F9BFE /* Project object */;
}
